
Microsoft Visual Studio Solution File, Format Version 12.00
# Visual Studio Version 16
VisualStudioVersion = 16.0.29326.143
MinimumVisualStudioVersion = 10.0.40219.1
Project("{FAE04EC0-301F-11D3-BF4B-00C04F79EFBC}") = "Amazon", "Amazon.csproj", "{C3A0A0DC-519E-4FD8-A5BF-7598735D8DE4}"
EndProject
Global
	GlobalSection(SolutionConfigurationPlatforms) = preSolution
		Debug|Any CPU = Debug|Any CPU
		Release|Any CPU = Release|Any CPU
	EndGlobalSection
	GlobalSection(ProjectConfigurationPlatforms) = postSolution
		{C3A0A0DC-519E-4FD8-A5BF-7598735D8DE4}.Debug|Any CPU.ActiveCfg = Debug|Any CPU
		{C3A0A0DC-519E-4FD8-A5BF-7598735D8DE4}.Debug|Any CPU.Build.0 = Debug|Any CPU
		{C3A0A0DC-519E-4FD8-A5BF-7598735D8DE4}.Release|Any CPU.ActiveCfg = Release|Any CPU
		{C3A0A0DC-519E-4FD8-A5BF-7598735D8DE4}.Release|Any CPU.Build.0 = Release|Any CPU
	EndGlobalSection
	GlobalSection(SolutionProperties) = preSolution
		HideSolutionNode = FALSE
	EndGlobalSection
	GlobalSection(ExtensibilityGlobals) = postSolution
		SolutionGuid = {9998E6ED-A2A8-490B-A94E-0A0401A3578E}
	EndGlobalSection
EndGlobal
