
Microsoft Visual Studio Solution File, Format Version 12.00
# Visual Studio Version 16
VisualStudioVersion = 16.0.29326.143
MinimumVisualStudioVersion = 10.0.40219.1
Project("{FAE04EC0-301F-11D3-BF4B-00C04F79EFBC}") = "ArraysStrings", "Array\ArraysStrings.csproj", "{B6DF6764-5F0B-4040-81CC-B251E4768CA1}"
EndProject
Project("{FAE04EC0-301F-11D3-BF4B-00C04F79EFBC}") = "LinkedLists", "LinkedLists\LinkedLists.csproj", "{FB896C78-2128-4DA5-8451-5EDFF062E39B}"
EndProject
Project("{FAE04EC0-301F-11D3-BF4B-00C04F79EFBC}") = "SearchSort", "SearchSort\SearchSort.csproj", "{B5CC2C88-7A18-4132-804C-501AFD3D0D7F}"
EndProject
Project("{FAE04EC0-301F-11D3-BF4B-00C04F79EFBC}") = "StackQueues", "StackQueues\StackQueues.csproj", "{8C905917-A97D-4E19-9586-BE6790AAEF57}"
EndProject
Project("{FAE04EC0-301F-11D3-BF4B-00C04F79EFBC}") = "HashTable", "HashTable\HashTable.csproj", "{F95496DF-3F94-489B-9432-1E547835B16A}"
EndProject
Project("{FAE04EC0-301F-11D3-BF4B-00C04F79EFBC}") = "ConsoleApp", "ConsoleApp\ConsoleApp.csproj", "{167834BA-D391-45E3-AC56-17D1A9D08729}"
EndProject
Project("{FAE04EC0-301F-11D3-BF4B-00C04F79EFBC}") = "TreeGraph", "TreeGraph\TreeGraph.csproj", "{080CFED7-26C9-4B7E-9976-3799F698869C}"
EndProject
Project("{FAE04EC0-301F-11D3-BF4B-00C04F79EFBC}") = "Practice", "Practice\Practice.csproj", "{A9D6F27C-1A30-498D-A0A8-A864481BD2C7}"
EndProject
Global
	GlobalSection(SolutionConfigurationPlatforms) = preSolution
		Debug|Any CPU = Debug|Any CPU
		Release|Any CPU = Release|Any CPU
	EndGlobalSection
	GlobalSection(ProjectConfigurationPlatforms) = postSolution
		{B6DF6764-5F0B-4040-81CC-B251E4768CA1}.Debug|Any CPU.ActiveCfg = Debug|Any CPU
		{B6DF6764-5F0B-4040-81CC-B251E4768CA1}.Debug|Any CPU.Build.0 = Debug|Any CPU
		{B6DF6764-5F0B-4040-81CC-B251E4768CA1}.Release|Any CPU.ActiveCfg = Release|Any CPU
		{B6DF6764-5F0B-4040-81CC-B251E4768CA1}.Release|Any CPU.Build.0 = Release|Any CPU
		{FB896C78-2128-4DA5-8451-5EDFF062E39B}.Debug|Any CPU.ActiveCfg = Debug|Any CPU
		{FB896C78-2128-4DA5-8451-5EDFF062E39B}.Debug|Any CPU.Build.0 = Debug|Any CPU
		{FB896C78-2128-4DA5-8451-5EDFF062E39B}.Release|Any CPU.ActiveCfg = Release|Any CPU
		{FB896C78-2128-4DA5-8451-5EDFF062E39B}.Release|Any CPU.Build.0 = Release|Any CPU
		{B5CC2C88-7A18-4132-804C-501AFD3D0D7F}.Debug|Any CPU.ActiveCfg = Debug|Any CPU
		{B5CC2C88-7A18-4132-804C-501AFD3D0D7F}.Debug|Any CPU.Build.0 = Debug|Any CPU
		{B5CC2C88-7A18-4132-804C-501AFD3D0D7F}.Release|Any CPU.ActiveCfg = Release|Any CPU
		{B5CC2C88-7A18-4132-804C-501AFD3D0D7F}.Release|Any CPU.Build.0 = Release|Any CPU
		{8C905917-A97D-4E19-9586-BE6790AAEF57}.Debug|Any CPU.ActiveCfg = Debug|Any CPU
		{8C905917-A97D-4E19-9586-BE6790AAEF57}.Debug|Any CPU.Build.0 = Debug|Any CPU
		{8C905917-A97D-4E19-9586-BE6790AAEF57}.Release|Any CPU.ActiveCfg = Release|Any CPU
		{8C905917-A97D-4E19-9586-BE6790AAEF57}.Release|Any CPU.Build.0 = Release|Any CPU
		{F95496DF-3F94-489B-9432-1E547835B16A}.Debug|Any CPU.ActiveCfg = Debug|Any CPU
		{F95496DF-3F94-489B-9432-1E547835B16A}.Debug|Any CPU.Build.0 = Debug|Any CPU
		{F95496DF-3F94-489B-9432-1E547835B16A}.Release|Any CPU.ActiveCfg = Release|Any CPU
		{F95496DF-3F94-489B-9432-1E547835B16A}.Release|Any CPU.Build.0 = Release|Any CPU
		{167834BA-D391-45E3-AC56-17D1A9D08729}.Debug|Any CPU.ActiveCfg = Debug|Any CPU
		{167834BA-D391-45E3-AC56-17D1A9D08729}.Debug|Any CPU.Build.0 = Debug|Any CPU
		{167834BA-D391-45E3-AC56-17D1A9D08729}.Release|Any CPU.ActiveCfg = Release|Any CPU
		{167834BA-D391-45E3-AC56-17D1A9D08729}.Release|Any CPU.Build.0 = Release|Any CPU
		{080CFED7-26C9-4B7E-9976-3799F698869C}.Debug|Any CPU.ActiveCfg = Debug|Any CPU
		{080CFED7-26C9-4B7E-9976-3799F698869C}.Debug|Any CPU.Build.0 = Debug|Any CPU
		{080CFED7-26C9-4B7E-9976-3799F698869C}.Release|Any CPU.ActiveCfg = Release|Any CPU
		{080CFED7-26C9-4B7E-9976-3799F698869C}.Release|Any CPU.Build.0 = Release|Any CPU
		{A9D6F27C-1A30-498D-A0A8-A864481BD2C7}.Debug|Any CPU.ActiveCfg = Debug|Any CPU
		{A9D6F27C-1A30-498D-A0A8-A864481BD2C7}.Debug|Any CPU.Build.0 = Debug|Any CPU
		{A9D6F27C-1A30-498D-A0A8-A864481BD2C7}.Release|Any CPU.ActiveCfg = Release|Any CPU
		{A9D6F27C-1A30-498D-A0A8-A864481BD2C7}.Release|Any CPU.Build.0 = Release|Any CPU
	EndGlobalSection
	GlobalSection(SolutionProperties) = preSolution
		HideSolutionNode = FALSE
	EndGlobalSection
	GlobalSection(ExtensibilityGlobals) = postSolution
		SolutionGuid = {06B55A92-A539-4B12-942A-D5EFCE5D5DB5}
	EndGlobalSection
EndGlobal
